{
  "originHash" : "a13ea3174c20ce5700e6adb1a5b5106ca53809a348fa7e8b0bd28402b2bd2c70",
  "pins" : [
    {
      "identity" : "interop-ios-for-google-sdks",
      "kind" : "remoteSourceControl",
      "location" : "https://github.com/google/interop-ios-for-google-sdks.git",
      "state" : {
        "revision" : "040d087ac2267d2ddd4cca36c757d1c6a05fdbfe",
        "version" : "101.0.0"
      }
    },
    {
      "identity" : "recaptcha-enterprise-mobile-sdk",
      "kind" : "remoteSourceControl",
      "location" : "https://github.com/GoogleCloudPlatform/recaptcha-enterprise-mobile-sdk.git",
      "state" : {
        "revision" : "85588690041e63784be7bcb4b631c32565127ba2",
        "version" : "18.9.1"
      }
    },
    {
      "identity" : "swiftsoup",
      "kind" : "remoteSourceControl",
      "location" : "https://github.com/scinfu/SwiftSoup.git",
      "state" : {
        "revision" : "bba848db50462894e7fc0891d018dfecad4ef11e",
        "version" : "2.8.7"
      }
    }
  ],
  "version" : 3
}
