<?xml version="1.0" encoding="UTF-8"?>
<Scheme
   LastUpgradeVersion = "1620"
   version = "1.7">
   <BuildAction
      parallelizeBuildables = "YES"
      buildImplicitDependencies = "NO">
      <BuildActionEntries>
         <BuildActionEntry
            buildForTesting = "YES"
            buildForRunning = "NO"
            buildForProfiling = "NO"
            buildForArchiving = "NO"
            buildForAnalyzing = "YES">
            <BuildableReference
               BuildableIdentifier = "primary"
               BlueprintIdentifier = "BreadPartnersSDKCore"
               BuildableName = "BreadPartnersSDKCore"
               BlueprintName = "BreadPartnersSDKCore"
               ReferencedContainer = "container:">
            </BuildableReference>
         </BuildActionEntry>
         <BuildActionEntry
            buildForTesting = "YES"
            buildForRunning = "NO"
            buildForProfiling = "NO"
            buildForArchiving = "NO"
            buildForAnalyzing = "YES">
            <BuildableReference
               BuildableIdentifier = "primary"
               BlueprintIdentifier = "BreadPartnersSDKCoreTests"
               BuildableName = "BreadPartnersSDKCoreTests.xctest"
               BlueprintName = "BreadPartnersSDKCoreTests"
               ReferencedContainer = "container:">
            </BuildableReference>
         </BuildActionEntry>
      </BuildActionEntries>
   </BuildAction>
   <TestAction
      buildConfiguration = "Debug"
      selectedDebuggerIdentifier = "Xcode.DebuggerFoundation.Debugger.LLDB"
      selectedLauncherIdentifier = "Xcode.DebuggerFoundation.Launcher.LLDB"
      shouldUseLaunchSchemeArgsEnv = "YES"
      codeCoverageEnabled = "YES">
      <Testables>
         <TestableReference
            skipped = "NO"
            parallelizable = "YES">
            <BuildableReference
               BuildableIdentifier = "primary"
               BlueprintIdentifier = "BreadPartnersSDKCoreTests"
               BuildableName = "BreadPartnersSDKCoreTests.xctest"
               BlueprintName = "BreadPartnersSDKCoreTests"
               ReferencedContainer = "container:">
            </BuildableReference>
         </TestableReference>
      </Testables>
      <MacroExpansion>
         <BuildableReference
            BuildableIdentifier = "primary"
            BlueprintIdentifier = "BreadPartnersSDKCore"
            BuildableName = "BreadPartnersSDKCore"
            BlueprintName = "BreadPartnersSDKCore"
            ReferencedContainer = "container:">
         </BuildableReference>
      </MacroExpansion>
   </TestAction>
   <AnalyzeAction
      buildConfiguration = "Debug">
   </AnalyzeAction>
</Scheme>